// !$*UTF8*$!
{
	archiveVersion = 1;
	classes = {
	};
	objectVersion = 48;
	objects = {

/* Begin PBXBuildFile section */
		742302451F82230F00C1455A /* AppDelegate.swift in Sources */ = {isa = PBXBuildFile; fileRef = 742302441F82230F00C1455A /* AppDelegate.swift */; };
		742302471F82230F00C1455A /* GoalsVC.swift in Sources */ = {isa = PBXBuildFile; fileRef = 742302461F82230F00C1455A /* GoalsVC.swift */; };
		7423024A1F82230F00C1455A /* Main.storyboard in Resources */ = {isa = PBXBuildFile; fileRef = 742302481F82230F00C1455A /* Main.storyboard */; };
		7423024D1F82230F00C1455A /* goal_post.xcdatamodeld in Sources */ = {isa = PBXBuildFile; fileRef = 7423024B1F82230F00C1455A /* goal_post.xcdatamodeld */; };
		7423024F1F82230F00C1455A /* Assets.xcassets in Resources */ = {isa = PBXBuildFile; fileRef = 7423024E1F82230F00C1455A /* Assets.xcassets */; };
		742302521F82230F00C1455A /* LaunchScreen.storyboard in Resources */ = {isa = PBXBuildFile; fileRef = 742302501F82230F00C1455A /* LaunchScreen.storyboard */; };
		7423025E1F822BE000C1455A /* GoalCell.swift in Sources */ = {isa = PBXBuildFile; fileRef = 7423025D1F822BE000C1455A /* GoalCell.swift */; };
		742302601F82357E00C1455A /* GoalType.swift in Sources */ = {isa = PBXBuildFile; fileRef = 7423025F1F82357E00C1455A /* GoalType.swift */; };
		742302621F823AFC00C1455A /* CreateGoalVC.swift in Sources */ = {isa = PBXBuildFile; fileRef = 742302611F823AFC00C1455A /* CreateGoalVC.swift */; };
		742302641F823F3900C1455A /* UIViewControllerExt.swift in Sources */ = {isa = PBXBuildFile; fileRef = 742302631F823F3900C1455A /* UIViewControllerExt.swift */; };
/* End PBXBuildFile section */

/* Begin PBXFileReference section */
		742302411F82230F00C1455A /* goal-post.app */ = {isa = PBXFileReference; explicitFileType = wrapper.application; includeInIndex = 0; path = "goal-post.app"; sourceTree = BUILT_PRODUCTS_DIR; };
		742302441F82230F00C1455A /* AppDelegate.swift */ = {isa = PBXFileReference; lastKnownFileType = sourcecode.swift; path = AppDelegate.swift; sourceTree = "<group>"; };
		742302461F82230F00C1455A /* GoalsVC.swift */ = {isa = PBXFileReference; lastKnownFileType = sourcecode.swift; path = GoalsVC.swift; sourceTree = "<group>"; };
		742302491F82230F00C1455A /* Base */ = {isa = PBXFileReference; lastKnownFileType = file.storyboard; name = Base; path = Base.lproj/Main.storyboard; sourceTree = "<group>"; };
		7423024C1F82230F00C1455A /* goal_post.xcdatamodel */ = {isa = PBXFileReference; lastKnownFileType = wrapper.xcdatamodel; path = goal_post.xcdatamodel; sourceTree = "<group>"; };
		7423024E1F82230F00C1455A /* Assets.xcassets */ = {isa = PBXFileReference; lastKnownFileType = folder.assetcatalog; path = Assets.xcassets; sourceTree = "<group>"; };
		742302511F82230F00C1455A /* Base */ = {isa = PBXFileReference; lastKnownFileType = file.storyboard; name = Base; path = Base.lproj/LaunchScreen.storyboard; sourceTree = "<group>"; };
		742302531F82230F00C1455A /* Info.plist */ = {isa = PBXFileReference; lastKnownFileType = text.plist.xml; path = Info.plist; sourceTree = "<group>"; };
		7423025D1F822BE000C1455A /* GoalCell.swift */ = {isa = PBXFileReference; lastKnownFileType = sourcecode.swift; path = GoalCell.swift; sourceTree = "<group>"; };
		7423025F1F82357E00C1455A /* GoalType.swift */ = {isa = PBXFileReference; lastKnownFileType = sourcecode.swift; path = GoalType.swift; sourceTree = "<group>"; };
		742302611F823AFC00C1455A /* CreateGoalVC.swift */ = {isa = PBXFileReference; lastKnownFileType = sourcecode.swift; path = CreateGoalVC.swift; sourceTree = "<group>"; };
		742302631F823F3900C1455A /* UIViewControllerExt.swift */ = {isa = PBXFileReference; lastKnownFileType = sourcecode.swift; path = UIViewControllerExt.swift; sourceTree = "<group>"; };
/* End PBXFileReference section */

/* Begin PBXFrameworksBuildPhase section */
		7423023E1F82230F00C1455A /* Frameworks */ = {
			isa = PBXFrameworksBuildPhase;
			buildActionMask = 2147483647;
			files = (
			);
			runOnlyForDeploymentPostprocessing = 0;
		};
/* End PBXFrameworksBuildPhase section */

/* Begin PBXGroup section */
		742302381F82230F00C1455A = {
			isa = PBXGroup;
			children = (
				742302431F82230F00C1455A /* goal-post */,
				742302421F82230F00C1455A /* Products */,
			);
			sourceTree = "<group>";
		};
		742302421F82230F00C1455A /* Products */ = {
			isa = PBXGroup;
			children = (
				742302411F82230F00C1455A /* goal-post.app */,
			);
			name = Products;
			sourceTree = "<group>";
		};
		742302431F82230F00C1455A /* goal-post */ = {
			isa = PBXGroup;
			children = (
				7423025C1F822BBB00C1455A /* View */,
				7423025B1F82243500C1455A /* Extensions */,
				7423025A1F82242B00C1455A /* Controllers */,
				742302591F82241700C1455A /* Enums */,
				742302441F82230F00C1455A /* AppDelegate.swift */,
				742302481F82230F00C1455A /* Main.storyboard */,
				7423024E1F82230F00C1455A /* Assets.xcassets */,
				742302501F82230F00C1455A /* LaunchScreen.storyboard */,
				742302531F82230F00C1455A /* Info.plist */,
				7423024B1F82230F00C1455A /* goal_post.xcdatamodeld */,
			);
			path = "goal-post";
			sourceTree = "<group>";
		};
		742302591F82241700C1455A /* Enums */ = {
			isa = PBXGroup;
			children = (
				7423025F1F82357E00C1455A /* GoalType.swift */,
			);
			path = Enums;
			sourceTree = "<group>";
		};
		7423025A1F82242B00C1455A /* Controllers */ = {
			isa = PBXGroup;
			children = (
				742302461F82230F00C1455A /* GoalsVC.swift */,
				742302611F823AFC00C1455A /* CreateGoalVC.swift */,
			);
			path = Controllers;
			sourceTree = "<group>";
		};
		7423025B1F82243500C1455A /* Extensions */ = {
			isa = PBXGroup;
			children = (
				742302631F823F3900C1455A /* UIViewControllerExt.swift */,
			);
			path = Extensions;
			sourceTree = "<group>";
		};
		7423025C1F822BBB00C1455A /* View */ = {
			isa = PBXGroup;
			children = (
				7423025D1F822BE000C1455A /* GoalCell.swift */,
			);
			path = View;
			sourceTree = "<group>";
		};
/* End PBXGroup section */

/* Begin PBXNativeTarget section */
		742302401F82230F00C1455A /* goal-post */ = {
			isa = PBXNativeTarget;
			buildConfigurationList = 742302561F82230F00C1455A /* Build configuration list for PBXNativeTarget "goal-post" */;
			buildPhases = (
				7423023D1F82230F00C1455A /* Sources */,
				7423023E1F82230F00C1455A /* Frameworks */,
				7423023F1F82230F00C1455A /* Resources */,
			);
			buildRules = (
			);
			dependencies = (
			);
			name = "goal-post";
			productName = "goal-post";
			productReference = 742302411F82230F00C1455A /* goal-post.app */;
			productType = "com.apple.product-type.application";
		};
/* End PBXNativeTarget section */

/* Begin PBXProject section */
		742302391F82230F00C1455A /* Project object */ = {
			isa = PBXProject;
			attributes = {
				LastSwiftUpdateCheck = 0900;
				LastUpgradeCheck = 0900;
				ORGANIZATIONNAME = "Justin Seymour";
				TargetAttributes = {
					742302401F82230F00C1455A = {
						CreatedOnToolsVersion = 9.0;
					};
				};
			};
			buildConfigurationList = 7423023C1F82230F00C1455A /* Build configuration list for PBXProject "goal-post" */;
			compatibilityVersion = "Xcode 8.0";
			developmentRegion = en;
			hasScannedForEncodings = 0;
			knownRegions = (
				en,
				Base,
			);
			mainGroup = 742302381F82230F00C1455A;
			productRefGroup = 742302421F82230F00C1455A /* Products */;
			projectDirPath = "";
			projectRoot = "";
			targets = (
				742302401F82230F00C1455A /* goal-post */,
			);
		};
/* End PBXProject section */

/* Begin PBXResourcesBuildPhase section */
		7423023F1F82230F00C1455A /* Resources */ = {
			isa = PBXResourcesBuildPhase;
			buildActionMask = 2147483647;
			files = (
				742302521F82230F00C1455A /* LaunchScreen.storyboard in Resources */,
				7423024F1F82230F00C1455A /* Assets.xcassets in Resources */,
				7423024A1F82230F00C1455A /* Main.storyboard in Resources */,
			);
			runOnlyForDeploymentPostprocessing = 0;
		};
/* End PBXResourcesBuildPhase section */

/* Begin PBXSourcesBuildPhase section */
		7423023D1F82230F00C1455A /* Sources */ = {
			isa = PBXSourcesBuildPhase;
			buildActionMask = 2147483647;
			files = (
				7423025E1F822BE000C1455A /* GoalCell.swift in Sources */,
				742302621F823AFC00C1455A /* CreateGoalVC.swift in Sources */,
				742302601F82357E00C1455A /* GoalType.swift in Sources */,
				742302471F82230F00C1455A /* GoalsVC.swift in Sources */,
				742302451F82230F00C1455A /* AppDelegate.swift in Sources */,
				742302641F823F3900C1455A /* UIViewControllerExt.swift in Sources */,
				7423024D1F82230F00C1455A /* goal_post.xcdatamodeld in Sources */,
			);
			runOnlyForDeploymentPostprocessing = 0;
		};
/* End PBXSourcesBuildPhase section */

/* Begin PBXVariantGroup section */
		742302481F82230F00C1455A /* Main.storyboard */ = {
			isa = PBXVariantGroup;
			children = (
				742302491F82230F00C1455A /* Base */,
			);
			name = Main.storyboard;
			sourceTree = "<group>";
		};
		742302501F82230F00C1455A /* LaunchScreen.storyboard */ = {
			isa = PBXVariantGroup;
			children = (
				742302511F82230F00C1455A /* Base */,
			);
			name = LaunchScreen.storyboard;
			sourceTree = "<group>";
		};
/* End PBXVariantGroup section */

/* Begin XCBuildConfiguration section */
		742302541F82230F00C1455A /* Debug */ = {
			isa = XCBuildConfiguration;
			buildSettings = {
				ALWAYS_SEARCH_USER_PATHS = NO;
				CLANG_ANALYZER_NONNULL = YES;
				CLANG_ANALYZER_NUMBER_OBJECT_CONVERSION = YES_AGGRESSIVE;
				CLANG_CXX_LANGUAGE_STANDARD = "gnu++14";
				CLANG_CXX_LIBRARY = "libc++";
				CLANG_ENABLE_MODULES = YES;
				CLANG_ENABLE_OBJC_ARC = YES;
				CLANG_WARN_BLOCK_CAPTURE_AUTORELEASING = YES;
				CLANG_WARN_BOOL_CONVERSION = YES;
				CLANG_WARN_COMMA = YES;
				CLANG_WARN_CONSTANT_CONVERSION = YES;
				CLANG_WARN_DIRECT_OBJC_ISA_USAGE = YES_ERROR;
				CLANG_WARN_DOCUMENTATION_COMMENTS = YES;
				CLANG_WARN_EMPTY_BODY = YES;
				CLANG_WARN_ENUM_CONVERSION = YES;
				CLANG_WARN_INFINITE_RECURSION = YES;
				CLANG_WARN_INT_CONVERSION = YES;
				CLANG_WARN_NON_LITERAL_NULL_CONVERSION = YES;
				CLANG_WARN_OBJC_LITERAL_CONVERSION = YES;
				CLANG_WARN_OBJC_ROOT_CLASS = YES_ERROR;
				CLANG_WARN_RANGE_LOOP_ANALYSIS = YES;
				CLANG_WARN_STRICT_PROTOTYPES = YES;
				CLANG_WARN_SUSPICIOUS_MOVE = YES;
				CLANG_WARN_UNGUARDED_AVAILABILITY = YES_AGGRESSIVE;
				CLANG_WARN_UNREACHABLE_CODE = YES;
				CLANG_WARN__DUPLICATE_METHOD_MATCH = YES;
				CODE_SIGN_IDENTITY = "iPhone Developer";
				COPY_PHASE_STRIP = NO;
				DEBUG_INFORMATION_FORMAT = dwarf;
				ENABLE_STRICT_OBJC_MSGSEND = YES;
				ENABLE_TESTABILITY = YES;
				GCC_C_LANGUAGE_STANDARD = gnu11;
				GCC_DYNAMIC_NO_PIC = NO;
				GCC_NO_COMMON_BLOCKS = YES;
				GCC_OPTIMIZATION_LEVEL = 0;
				GCC_PREPROCESSOR_DEFINITIONS = (
					"DEBUG=1",
					"$(inherited)",
				);
				GCC_WARN_64_TO_32_BIT_CONVERSION = YES;
				GCC_WARN_ABOUT_RETURN_TYPE = YES_ERROR;
				GCC_WARN_UNDECLARED_SELECTOR = YES;
				GCC_WARN_UNINITIALIZED_AUTOS = YES_AGGRESSIVE;
				GCC_WARN_UNUSED_FUNCTION = YES;
				GCC_WARN_UNUSED_VARIABLE = YES;
				IPHONEOS_DEPLOYMENT_TARGET = 11.0;
				MTL_ENABLE_DEBUG_INFO = YES;
				ONLY_ACTIVE_ARCH = YES;
				SDKROOT = iphoneos;
				SWIFT_ACTIVE_COMPILATION_CONDITIONS = DEBUG;
				SWIFT_OPTIMIZATION_LEVEL = "-Onone";
			};
			name = Debug;
		};
		742302551F82230F00C1455A /* Release */ = {
			isa = XCBuildConfiguration;
			buildSettings = {
				ALWAYS_SEARCH_USER_PATHS = NO;
				CLANG_ANALYZER_NONNULL = YES;
				CLANG_ANALYZER_NUMBER_OBJECT_CONVERSION = YES_AGGRESSIVE;
				CLANG_CXX_LANGUAGE_STANDARD = "gnu++14";
				CLANG_CXX_LIBRARY = "libc++";
				CLANG_ENABLE_MODULES = YES;
				CLANG_ENABLE_OBJC_ARC = YES;
				CLANG_WARN_BLOCK_CAPTURE_AUTORELEASING = YES;
				CLANG_WARN_BOOL_CONVERSION = YES;
				CLANG_WARN_COMMA = YES;
				CLANG_WARN_CONSTANT_CONVERSION = YES;
				CLANG_WARN_DIRECT_OBJC_ISA_USAGE = YES_ERROR;
				CLANG_WARN_DOCUMENTATION_COMMENTS = YES;
				CLANG_WARN_EMPTY_BODY = YES;
				CLANG_WARN_ENUM_CONVERSION = YES;
				CLANG_WARN_INFINITE_RECURSION = YES;
				CLANG_WARN_INT_CONVERSION = YES;
				CLANG_WARN_NON_LITERAL_NULL_CONVERSION = YES;
				CLANG_WARN_OBJC_LITERAL_CONVERSION = YES;
				CLANG_WARN_OBJC_ROOT_CLASS = YES_ERROR;
				CLANG_WARN_RANGE_LOOP_ANALYSIS = YES;
				CLANG_WARN_STRICT_PROTOTYPES = YES;
				CLANG_WARN_SUSPICIOUS_MOVE = YES;
				CLANG_WARN_UNGUARDED_AVAILABILITY = YES_AGGRESSIVE;
				CLANG_WARN_UNREACHABLE_CODE = YES;
				CLANG_WARN__DUPLICATE_METHOD_MATCH = YES;
				CODE_SIGN_IDENTITY = "iPhone Developer";
				COPY_PHASE_STRIP = NO;
				DEBUG_INFORMATION_FORMAT = "dwarf-with-dsym";
				ENABLE_NS_ASSERTIONS = NO;
				ENABLE_STRICT_OBJC_MSGSEND = YES;
				GCC_C_LANGUAGE_STANDARD = gnu11;
				GCC_NO_COMMON_BLOCKS = YES;
				GCC_WARN_64_TO_32_BIT_CONVERSION = YES;
				GCC_WARN_ABOUT_RETURN_TYPE = YES_ERROR;
				GCC_WARN_UNDECLARED_SELECTOR = YES;
				GCC_WARN_UNINITIALIZED_AUTOS = YES_AGGRESSIVE;
				GCC_WARN_UNUSED_FUNCTION = YES;
				GCC_WARN_UNUSED_VARIABLE = YES;
				IPHONEOS_DEPLOYMENT_TARGET = 11.0;
				MTL_ENABLE_DEBUG_INFO = NO;
				SDKROOT = iphoneos;
				SWIFT_OPTIMIZATION_LEVEL = "-Owholemodule";
				VALIDATE_PRODUCT = YES;
			};
			name = Release;
		};
		742302571F82230F00C1455A /* Debug */ = {
			isa = XCBuildConfiguration;
			buildSettings = {
				ASSETCATALOG_COMPILER_APPICON_NAME = AppIcon;
				INFOPLIST_FILE = "goal-post/Info.plist";
				LD_RUNPATH_SEARCH_PATHS = "$(inherited) @executable_path/Frameworks";
				PRODUCT_BUNDLE_IDENTIFIER = "com.justinseymour.goal-post";
				PRODUCT_NAME = "$(TARGET_NAME)";
				SWIFT_VERSION = 4.0;
				TARGETED_DEVICE_FAMILY = "1,2";
			};
			name = Debug;
		};
		742302581F82230F00C1455A /* Release */ = {
			isa = XCBuildConfiguration;
			buildSettings = {
				ASSETCATALOG_COMPILER_APPICON_NAME = AppIcon;
				INFOPLIST_FILE = "goal-post/Info.plist";
				LD_RUNPATH_SEARCH_PATHS = "$(inherited) @executable_path/Frameworks";
				PRODUCT_BUNDLE_IDENTIFIER = "com.justinseymour.goal-post";
				PRODUCT_NAME = "$(TARGET_NAME)";
				SWIFT_VERSION = 4.0;
				TARGETED_DEVICE_FAMILY = "1,2";
			};
			name = Release;
		};
/* End XCBuildConfiguration section */

/* Begin XCConfigurationList section */
		7423023C1F82230F00C1455A /* Build configuration list for PBXProject "goal-post" */ = {
			isa = XCConfigurationList;
			buildConfigurations = (
				742302541F82230F00C1455A /* Debug */,
				742302551F82230F00C1455A /* Release */,
			);
			defaultConfigurationIsVisible = 0;
			defaultConfigurationName = Release;
		};
		742302561F82230F00C1455A /* Build configuration list for PBXNativeTarget "goal-post" */ = {
			isa = XCConfigurationList;
			buildConfigurations = (
				742302571F82230F00C1455A /* Debug */,
				742302581F82230F00C1455A /* Release */,
			);
			defaultConfigurationIsVisible = 0;
			defaultConfigurationName = Release;
		};
/* End XCConfigurationList section */

/* Begin XCVersionGroup section */
		7423024B1F82230F00C1455A /* goal_post.xcdatamodeld */ = {
			isa = XCVersionGroup;
			children = (
				7423024C1F82230F00C1455A /* goal_post.xcdatamodel */,
			);
			currentVersion = 7423024C1F82230F00C1455A /* goal_post.xcdatamodel */;
			path = goal_post.xcdatamodeld;
			sourceTree = "<group>";
			versionGroupType = wrapper.xcdatamodel;
		};
/* End XCVersionGroup section */
	};
	rootObject = 742302391F82230F00C1455A /* Project object */;
}
